
Microsoft Visual Studio Solution File, Format Version 12.00
# Visual Studio Version 17
VisualStudioVersion = 17.10.34916.146
MinimumVisualStudioVersion = 10.0.40219.1
Project("{FAE04EC0-301F-11D3-BF4B-00C04F79EFBC}") = "RestAPIRepositoryTraining", "RestAPIRepositoryTraining\RestAPIRepositoryTraining.csproj", "{E0D70B84-44F2-4359-BF83-B221D4D66A55}"
EndProject
Project("{FAE04EC0-301F-11D3-BF4B-00C04F79EFBC}") = "EntityFramework", "EntityFramework\EntityFramework.csproj", "{B1A4204F-C66D-4652-AC80-E61CCF17357A}"
EndProject
Global
	GlobalSection(SolutionConfigurationPlatforms) = preSolution
		Debug|Any CPU = Debug|Any CPU
		Release|Any CPU = Release|Any CPU
	EndGlobalSection
	GlobalSection(ProjectConfigurationPlatforms) = postSolution
		{E0D70B84-44F2-4359-BF83-B221D4D66A55}.Debug|Any CPU.ActiveCfg = Debug|Any CPU
		{E0D70B84-44F2-4359-BF83-B221D4D66A55}.Debug|Any CPU.Build.0 = Debug|Any CPU
		{E0D70B84-44F2-4359-BF83-B221D4D66A55}.Release|Any CPU.ActiveCfg = Release|Any CPU
		{E0D70B84-44F2-4359-BF83-B221D4D66A55}.Release|Any CPU.Build.0 = Release|Any CPU
		{B1A4204F-C66D-4652-AC80-E61CCF17357A}.Debug|Any CPU.ActiveCfg = Debug|Any CPU
		{B1A4204F-C66D-4652-AC80-E61CCF17357A}.Debug|Any CPU.Build.0 = Debug|Any CPU
		{B1A4204F-C66D-4652-AC80-E61CCF17357A}.Release|Any CPU.ActiveCfg = Release|Any CPU
		{B1A4204F-C66D-4652-AC80-E61CCF17357A}.Release|Any CPU.Build.0 = Release|Any CPU
	EndGlobalSection
	GlobalSection(SolutionProperties) = preSolution
		HideSolutionNode = FALSE
	EndGlobalSection
	GlobalSection(ExtensibilityGlobals) = postSolution
		SolutionGuid = {836CCC32-E43A-4945-AD16-6D92179A1A7E}
	EndGlobalSection
EndGlobal
